
Microsoft Visual Studio Solution File, Format Version 12.00
# Visual Studio Version 17
VisualStudioVersion = 17.3.32901.215
MinimumVisualStudioVersion = 10.0.40219.1
Project("{FAE04EC0-301F-11D3-BF4B-00C04F79EFBC}") = "TestProgram", "TestProgram\TestProgram.csproj", "{71D5CF46-28F6-4DE3-A0BC-5F1CD18F5627}"
EndProject
Global
	GlobalSection(SolutionConfigurationPlatforms) = preSolution
		Debug|Any CPU = Debug|Any CPU
		Release|Any CPU = Release|Any CPU
	EndGlobalSection
	GlobalSection(ProjectConfigurationPlatforms) = postSolution
		{71D5CF46-28F6-4DE3-A0BC-5F1CD18F5627}.Debug|Any CPU.ActiveCfg = Debug|Any CPU
		{71D5CF46-28F6-4DE3-A0BC-5F1CD18F5627}.Debug|Any CPU.Build.0 = Debug|Any CPU
		{71D5CF46-28F6-4DE3-A0BC-5F1CD18F5627}.Release|Any CPU.ActiveCfg = Release|Any CPU
		{71D5CF46-28F6-4DE3-A0BC-5F1CD18F5627}.Release|Any CPU.Build.0 = Release|Any CPU
	EndGlobalSection
	GlobalSection(SolutionProperties) = preSolution
		HideSolutionNode = FALSE
	EndGlobalSection
	GlobalSection(ExtensibilityGlobals) = postSolution
		SolutionGuid = {247837FE-3C36-47BE-8C54-58DA7C997B0E}
	EndGlobalSection
EndGlobal
